
Microsoft Visual Studio Solution File, Format Version 12.00
# Visual Studio Version 16
VisualStudioVersion = 16.0.31005.135
MinimumVisualStudioVersion = 10.0.40219.1
Project("{FAE04EC0-301F-11D3-BF4B-00C04F79EFBC}") = "Projeto de camadas", "Projeto de camadas.csproj", "{1667CDA9-E543-4E22-ACC3-47290D828220}"
EndProject
Global
	GlobalSection(SolutionConfigurationPlatforms) = preSolution
		Debug|Any CPU = Debug|Any CPU
		Release|Any CPU = Release|Any CPU
	EndGlobalSection
	GlobalSection(ProjectConfigurationPlatforms) = postSolution
		{1667CDA9-E543-4E22-ACC3-47290D828220}.Debug|Any CPU.ActiveCfg = Debug|Any CPU
		{1667CDA9-E543-4E22-ACC3-47290D828220}.Debug|Any CPU.Build.0 = Debug|Any CPU
		{1667CDA9-E543-4E22-ACC3-47290D828220}.Release|Any CPU.ActiveCfg = Release|Any CPU
		{1667CDA9-E543-4E22-ACC3-47290D828220}.Release|Any CPU.Build.0 = Release|Any CPU
	EndGlobalSection
	GlobalSection(SolutionProperties) = preSolution
		HideSolutionNode = FALSE
	EndGlobalSection
	GlobalSection(ExtensibilityGlobals) = postSolution
		SolutionGuid = {F0747382-0FBF-42DC-86BB-CA316A22AC9C}
	EndGlobalSection
EndGlobal
